
Microsoft Visual Studio Solution File, Format Version 12.00
# Visual Studio 15
VisualStudioVersion = 15.0.26730.16
MinimumVisualStudioVersion = 10.0.40219.1
Project("{FAE04EC0-301F-11D3-BF4B-00C04F79EFBC}") = "ShopAPI", "ShopAPI\ShopAPI.csproj", "{A5EC017F-670F-41F1-B579-2225FBEBFAA8}"
EndProject
Global
	GlobalSection(SolutionConfigurationPlatforms) = preSolution
		Debug|Any CPU = Debug|Any CPU
		Release|Any CPU = Release|Any CPU
	EndGlobalSection
	GlobalSection(ProjectConfigurationPlatforms) = postSolution
		{A5EC017F-670F-41F1-B579-2225FBEBFAA8}.Debug|Any CPU.ActiveCfg = Debug|Any CPU
		{A5EC017F-670F-41F1-B579-2225FBEBFAA8}.Debug|Any CPU.Build.0 = Debug|Any CPU
		{A5EC017F-670F-41F1-B579-2225FBEBFAA8}.Release|Any CPU.ActiveCfg = Release|Any CPU
		{A5EC017F-670F-41F1-B579-2225FBEBFAA8}.Release|Any CPU.Build.0 = Release|Any CPU
	EndGlobalSection
	GlobalSection(SolutionProperties) = preSolution
		HideSolutionNode = FALSE
	EndGlobalSection
	GlobalSection(ExtensibilityGlobals) = postSolution
		SolutionGuid = {E3222455-EAB3-4140-8F98-C00891B85F87}
	EndGlobalSection
EndGlobal
